
Microsoft Visual Studio Solution File, Format Version 12.00
Project("{FAE04EC0-301F-11D3-BF4B-00C04F79EFBC}") = "Entry.API", "Entry.API\Entry.API.csproj", "{533D6E36-B35A-4DC7-A4D7-CFE50719A195}"
EndProject
Project("{2150E333-8FDC-42A3-9474-1A3956D46DE8}") = "Entry", "Entry", "{C696593C-B7B2-40E6-8837-351B73D047AC}"
EndProject
Project("{2150E333-8FDC-42A3-9474-1A3956D46DE8}") = "Microservices", "Microservices", "{88112F70-45DC-4481-9777-AB62173131F9}"
EndProject
Project("{2150E333-8FDC-42A3-9474-1A3956D46DE8}") = "Workers", "Workers", "{90365872-B194-4D59-865E-929AB0A4D8F4}"
EndProject
Project("{2150E333-8FDC-42A3-9474-1A3956D46DE8}") = "Identity", "Identity", "{AD445323-DD39-4BCF-A8DC-983A1039628E}"
EndProject
Project("{FAE04EC0-301F-11D3-BF4B-00C04F79EFBC}") = "Identity.API", "Identity.API\Identity.API.csproj", "{09DD1E15-0ACF-436F-B048-55CD9EB6B770}"
EndProject
Project("{2150E333-8FDC-42A3-9474-1A3956D46DE8}") = "Shared", "Shared", "{31A68E98-F8B8-4B04-862A-DBBE256B2010}"
EndProject
Project("{FAE04EC0-301F-11D3-BF4B-00C04F79EFBC}") = "Identity.Core", "Identity.Core\Identity.Core.csproj", "{77BBB127-B8C7-4F25-82E7-BB6998834A92}"
EndProject
Project("{FAE04EC0-301F-11D3-BF4B-00C04F79EFBC}") = "Identity.Application", "Identity.Application\Identity.Application.csproj", "{D0BE864E-C1E7-4E56-8D28-626EC4F12233}"
EndProject
Project("{FAE04EC0-301F-11D3-BF4B-00C04F79EFBC}") = "Identity.Infrastructure", "Identity.Infrastructure\Identity.Infrastructure.csproj", "{39955D13-BEFF-4456-83B4-8391F598DE5E}"
EndProject
Project("{FAE04EC0-301F-11D3-BF4B-00C04F79EFBC}") = "Shared.Core", "Shared.Core\Shared.Core.csproj", "{98461715-2352-4F40-A8D9-556850CF88B1}"
EndProject
Project("{2150E333-8FDC-42A3-9474-1A3956D46DE8}") = "Notification", "Notification", "{105919D2-146C-4901-9CD5-8AA43E5816A4}"
EndProject
Project("{FAE04EC0-301F-11D3-BF4B-00C04F79EFBC}") = "Notification.API", "Notification.API\Notification.API.csproj", "{26389AF1-BCFB-423E-8530-79440ED314D4}"
EndProject
Project("{2150E333-8FDC-42A3-9474-1A3956D46DE8}") = "Main", "Main", "{41DC1BBF-4BA2-421C-B08B-283188EDDAF0}"
EndProject
Project("{FAE04EC0-301F-11D3-BF4B-00C04F79EFBC}") = "Main.API", "Main.API\Main.API.csproj", "{590B6B62-D197-4D1F-B3CD-35B254763EEF}"
EndProject
Project("{FAE04EC0-301F-11D3-BF4B-00C04F79EFBC}") = "Shared.API", "Shared.API\Shared.API.csproj", "{A26AF74A-4546-4CE7-AD29-DC7D266E33E0}"
EndProject
Project("{FAE04EC0-301F-11D3-BF4B-00C04F79EFBC}") = "Main.Application", "Main.Application\Main.Application.csproj", "{3A47185D-8A17-4A1F-9F9E-55723CC49FD9}"
EndProject
Project("{FAE04EC0-301F-11D3-BF4B-00C04F79EFBC}") = "Main.Core", "Main.Core\Main.Core.csproj", "{618687B9-8F0C-4DAE-B023-A079DBB46C9B}"
EndProject
Project("{FAE04EC0-301F-11D3-BF4B-00C04F79EFBC}") = "Main.Infrastructure", "Main.Infrastructure\Main.Infrastructure.csproj", "{2C00BBAC-5210-44EA-A271-16A26E704ACA}"
EndProject
Project("{FAE04EC0-301F-11D3-BF4B-00C04F79EFBC}") = "Shared.Configuration", "Shared.Configuration\Shared.Configuration.csproj", "{58B00126-9E85-4628-80B7-6541BB99B112}"
EndProject
Project("{2150E333-8FDC-42A3-9474-1A3956D46DE8}") = "Update", "Update", "{5D19DB14-27BD-48AD-A924-927EB9080CF4}"
EndProject
Project("{FAE04EC0-301F-11D3-BF4B-00C04F79EFBC}") = "Update.API", "Update.API\Update.API.csproj", "{7B11B97F-A381-4673-8B62-879997ABE717}"
EndProject
Global
	GlobalSection(SolutionConfigurationPlatforms) = preSolution
		Debug|Any CPU = Debug|Any CPU
		Release|Any CPU = Release|Any CPU
	EndGlobalSection
	GlobalSection(ProjectConfigurationPlatforms) = postSolution
		{533D6E36-B35A-4DC7-A4D7-CFE50719A195}.Debug|Any CPU.ActiveCfg = Debug|Any CPU
		{533D6E36-B35A-4DC7-A4D7-CFE50719A195}.Debug|Any CPU.Build.0 = Debug|Any CPU
		{533D6E36-B35A-4DC7-A4D7-CFE50719A195}.Release|Any CPU.ActiveCfg = Release|Any CPU
		{533D6E36-B35A-4DC7-A4D7-CFE50719A195}.Release|Any CPU.Build.0 = Release|Any CPU
		{09DD1E15-0ACF-436F-B048-55CD9EB6B770}.Debug|Any CPU.ActiveCfg = Debug|Any CPU
		{09DD1E15-0ACF-436F-B048-55CD9EB6B770}.Debug|Any CPU.Build.0 = Debug|Any CPU
		{09DD1E15-0ACF-436F-B048-55CD9EB6B770}.Release|Any CPU.ActiveCfg = Release|Any CPU
		{09DD1E15-0ACF-436F-B048-55CD9EB6B770}.Release|Any CPU.Build.0 = Release|Any CPU
		{77BBB127-B8C7-4F25-82E7-BB6998834A92}.Debug|Any CPU.ActiveCfg = Debug|Any CPU
		{77BBB127-B8C7-4F25-82E7-BB6998834A92}.Debug|Any CPU.Build.0 = Debug|Any CPU
		{77BBB127-B8C7-4F25-82E7-BB6998834A92}.Release|Any CPU.ActiveCfg = Release|Any CPU
		{77BBB127-B8C7-4F25-82E7-BB6998834A92}.Release|Any CPU.Build.0 = Release|Any CPU
		{D0BE864E-C1E7-4E56-8D28-626EC4F12233}.Debug|Any CPU.ActiveCfg = Debug|Any CPU
		{D0BE864E-C1E7-4E56-8D28-626EC4F12233}.Debug|Any CPU.Build.0 = Debug|Any CPU
		{D0BE864E-C1E7-4E56-8D28-626EC4F12233}.Release|Any CPU.ActiveCfg = Release|Any CPU
		{D0BE864E-C1E7-4E56-8D28-626EC4F12233}.Release|Any CPU.Build.0 = Release|Any CPU
		{39955D13-BEFF-4456-83B4-8391F598DE5E}.Debug|Any CPU.ActiveCfg = Debug|Any CPU
		{39955D13-BEFF-4456-83B4-8391F598DE5E}.Debug|Any CPU.Build.0 = Debug|Any CPU
		{39955D13-BEFF-4456-83B4-8391F598DE5E}.Release|Any CPU.ActiveCfg = Release|Any CPU
		{39955D13-BEFF-4456-83B4-8391F598DE5E}.Release|Any CPU.Build.0 = Release|Any CPU
		{98461715-2352-4F40-A8D9-556850CF88B1}.Debug|Any CPU.ActiveCfg = Debug|Any CPU
		{98461715-2352-4F40-A8D9-556850CF88B1}.Debug|Any CPU.Build.0 = Debug|Any CPU
		{98461715-2352-4F40-A8D9-556850CF88B1}.Release|Any CPU.ActiveCfg = Release|Any CPU
		{98461715-2352-4F40-A8D9-556850CF88B1}.Release|Any CPU.Build.0 = Release|Any CPU
		{26389AF1-BCFB-423E-8530-79440ED314D4}.Debug|Any CPU.ActiveCfg = Debug|Any CPU
		{26389AF1-BCFB-423E-8530-79440ED314D4}.Debug|Any CPU.Build.0 = Debug|Any CPU
		{26389AF1-BCFB-423E-8530-79440ED314D4}.Release|Any CPU.ActiveCfg = Release|Any CPU
		{26389AF1-BCFB-423E-8530-79440ED314D4}.Release|Any CPU.Build.0 = Release|Any CPU
		{590B6B62-D197-4D1F-B3CD-35B254763EEF}.Debug|Any CPU.ActiveCfg = Debug|Any CPU
		{590B6B62-D197-4D1F-B3CD-35B254763EEF}.Debug|Any CPU.Build.0 = Debug|Any CPU
		{590B6B62-D197-4D1F-B3CD-35B254763EEF}.Release|Any CPU.ActiveCfg = Release|Any CPU
		{590B6B62-D197-4D1F-B3CD-35B254763EEF}.Release|Any CPU.Build.0 = Release|Any CPU
		{A26AF74A-4546-4CE7-AD29-DC7D266E33E0}.Debug|Any CPU.ActiveCfg = Debug|Any CPU
		{A26AF74A-4546-4CE7-AD29-DC7D266E33E0}.Debug|Any CPU.Build.0 = Debug|Any CPU
		{A26AF74A-4546-4CE7-AD29-DC7D266E33E0}.Release|Any CPU.ActiveCfg = Release|Any CPU
		{A26AF74A-4546-4CE7-AD29-DC7D266E33E0}.Release|Any CPU.Build.0 = Release|Any CPU
		{3A47185D-8A17-4A1F-9F9E-55723CC49FD9}.Debug|Any CPU.ActiveCfg = Debug|Any CPU
		{3A47185D-8A17-4A1F-9F9E-55723CC49FD9}.Debug|Any CPU.Build.0 = Debug|Any CPU
		{3A47185D-8A17-4A1F-9F9E-55723CC49FD9}.Release|Any CPU.ActiveCfg = Release|Any CPU
		{3A47185D-8A17-4A1F-9F9E-55723CC49FD9}.Release|Any CPU.Build.0 = Release|Any CPU
		{618687B9-8F0C-4DAE-B023-A079DBB46C9B}.Debug|Any CPU.ActiveCfg = Debug|Any CPU
		{618687B9-8F0C-4DAE-B023-A079DBB46C9B}.Debug|Any CPU.Build.0 = Debug|Any CPU
		{618687B9-8F0C-4DAE-B023-A079DBB46C9B}.Release|Any CPU.ActiveCfg = Release|Any CPU
		{618687B9-8F0C-4DAE-B023-A079DBB46C9B}.Release|Any CPU.Build.0 = Release|Any CPU
		{2C00BBAC-5210-44EA-A271-16A26E704ACA}.Debug|Any CPU.ActiveCfg = Debug|Any CPU
		{2C00BBAC-5210-44EA-A271-16A26E704ACA}.Debug|Any CPU.Build.0 = Debug|Any CPU
		{2C00BBAC-5210-44EA-A271-16A26E704ACA}.Release|Any CPU.ActiveCfg = Release|Any CPU
		{2C00BBAC-5210-44EA-A271-16A26E704ACA}.Release|Any CPU.Build.0 = Release|Any CPU
		{58B00126-9E85-4628-80B7-6541BB99B112}.Debug|Any CPU.ActiveCfg = Debug|Any CPU
		{58B00126-9E85-4628-80B7-6541BB99B112}.Debug|Any CPU.Build.0 = Debug|Any CPU
		{58B00126-9E85-4628-80B7-6541BB99B112}.Release|Any CPU.ActiveCfg = Release|Any CPU
		{58B00126-9E85-4628-80B7-6541BB99B112}.Release|Any CPU.Build.0 = Release|Any CPU
		{7B11B97F-A381-4673-8B62-879997ABE717}.Debug|Any CPU.ActiveCfg = Debug|Any CPU
		{7B11B97F-A381-4673-8B62-879997ABE717}.Debug|Any CPU.Build.0 = Debug|Any CPU
		{7B11B97F-A381-4673-8B62-879997ABE717}.Release|Any CPU.ActiveCfg = Release|Any CPU
		{7B11B97F-A381-4673-8B62-879997ABE717}.Release|Any CPU.Build.0 = Release|Any CPU
	EndGlobalSection
	GlobalSection(NestedProjects) = preSolution
		{533D6E36-B35A-4DC7-A4D7-CFE50719A195} = {C696593C-B7B2-40E6-8837-351B73D047AC}
		{AD445323-DD39-4BCF-A8DC-983A1039628E} = {88112F70-45DC-4481-9777-AB62173131F9}
		{09DD1E15-0ACF-436F-B048-55CD9EB6B770} = {AD445323-DD39-4BCF-A8DC-983A1039628E}
		{77BBB127-B8C7-4F25-82E7-BB6998834A92} = {AD445323-DD39-4BCF-A8DC-983A1039628E}
		{D0BE864E-C1E7-4E56-8D28-626EC4F12233} = {AD445323-DD39-4BCF-A8DC-983A1039628E}
		{39955D13-BEFF-4456-83B4-8391F598DE5E} = {AD445323-DD39-4BCF-A8DC-983A1039628E}
		{98461715-2352-4F40-A8D9-556850CF88B1} = {31A68E98-F8B8-4B04-862A-DBBE256B2010}
		{105919D2-146C-4901-9CD5-8AA43E5816A4} = {90365872-B194-4D59-865E-929AB0A4D8F4}
		{26389AF1-BCFB-423E-8530-79440ED314D4} = {105919D2-146C-4901-9CD5-8AA43E5816A4}
		{41DC1BBF-4BA2-421C-B08B-283188EDDAF0} = {88112F70-45DC-4481-9777-AB62173131F9}
		{590B6B62-D197-4D1F-B3CD-35B254763EEF} = {41DC1BBF-4BA2-421C-B08B-283188EDDAF0}
		{A26AF74A-4546-4CE7-AD29-DC7D266E33E0} = {31A68E98-F8B8-4B04-862A-DBBE256B2010}
		{3A47185D-8A17-4A1F-9F9E-55723CC49FD9} = {41DC1BBF-4BA2-421C-B08B-283188EDDAF0}
		{618687B9-8F0C-4DAE-B023-A079DBB46C9B} = {41DC1BBF-4BA2-421C-B08B-283188EDDAF0}
		{2C00BBAC-5210-44EA-A271-16A26E704ACA} = {41DC1BBF-4BA2-421C-B08B-283188EDDAF0}
		{58B00126-9E85-4628-80B7-6541BB99B112} = {31A68E98-F8B8-4B04-862A-DBBE256B2010}
		{5D19DB14-27BD-48AD-A924-927EB9080CF4} = {90365872-B194-4D59-865E-929AB0A4D8F4}
		{7B11B97F-A381-4673-8B62-879997ABE717} = {5D19DB14-27BD-48AD-A924-927EB9080CF4}
	EndGlobalSection
EndGlobal
