
Microsoft Visual Studio Solution File, Format Version 12.00
Project("{FAE04EC0-301F-11D3-BF4B-00C04F79EFBC}") = "Entry.API", "Entry.API\Entry.API.csproj", "{533D6E36-B35A-4DC7-A4D7-CFE50719A195}"
EndProject
Project("{2150E333-8FDC-42A3-9474-1A3956D46DE8}") = "Entry", "Entry", "{C696593C-B7B2-40E6-8837-351B73D047AC}"
EndProject
Project("{FAE04EC0-301F-11D3-BF4B-00C04F79EFBC}") = "Entry.Application", "Entry.Application\Entry.Application.csproj", "{DFE73001-E505-429F-AF29-1B117591EA44}"
EndProject
Project("{FAE04EC0-301F-11D3-BF4B-00C04F79EFBC}") = "Entry.Core", "Entry.Core\Entry.Core.csproj", "{F71E6F29-1C22-4A8B-8E58-AA6ABCFD8D3A}"
EndProject
Global
	GlobalSection(SolutionConfigurationPlatforms) = preSolution
		Debug|Any CPU = Debug|Any CPU
		Release|Any CPU = Release|Any CPU
	EndGlobalSection
	GlobalSection(ProjectConfigurationPlatforms) = postSolution
		{533D6E36-B35A-4DC7-A4D7-CFE50719A195}.Debug|Any CPU.ActiveCfg = Debug|Any CPU
		{533D6E36-B35A-4DC7-A4D7-CFE50719A195}.Debug|Any CPU.Build.0 = Debug|Any CPU
		{533D6E36-B35A-4DC7-A4D7-CFE50719A195}.Release|Any CPU.ActiveCfg = Release|Any CPU
		{533D6E36-B35A-4DC7-A4D7-CFE50719A195}.Release|Any CPU.Build.0 = Release|Any CPU
		{DFE73001-E505-429F-AF29-1B117591EA44}.Debug|Any CPU.ActiveCfg = Debug|Any CPU
		{DFE73001-E505-429F-AF29-1B117591EA44}.Debug|Any CPU.Build.0 = Debug|Any CPU
		{DFE73001-E505-429F-AF29-1B117591EA44}.Release|Any CPU.ActiveCfg = Release|Any CPU
		{DFE73001-E505-429F-AF29-1B117591EA44}.Release|Any CPU.Build.0 = Release|Any CPU
		{F71E6F29-1C22-4A8B-8E58-AA6ABCFD8D3A}.Debug|Any CPU.ActiveCfg = Debug|Any CPU
		{F71E6F29-1C22-4A8B-8E58-AA6ABCFD8D3A}.Debug|Any CPU.Build.0 = Debug|Any CPU
		{F71E6F29-1C22-4A8B-8E58-AA6ABCFD8D3A}.Release|Any CPU.ActiveCfg = Release|Any CPU
		{F71E6F29-1C22-4A8B-8E58-AA6ABCFD8D3A}.Release|Any CPU.Build.0 = Release|Any CPU
	EndGlobalSection
	GlobalSection(NestedProjects) = preSolution
		{533D6E36-B35A-4DC7-A4D7-CFE50719A195} = {C696593C-B7B2-40E6-8837-351B73D047AC}
		{DFE73001-E505-429F-AF29-1B117591EA44} = {C696593C-B7B2-40E6-8837-351B73D047AC}
		{F71E6F29-1C22-4A8B-8E58-AA6ABCFD8D3A} = {C696593C-B7B2-40E6-8837-351B73D047AC}
	EndGlobalSection
EndGlobal
